
Microsoft Visual Studio Solution File, Format Version 12.00
# Visual Studio 14
VisualStudioVersion = 14.0.25420.1
MinimumVisualStudioVersion = 10.0.40219.1
Project("{FAE04EC0-301F-11D3-BF4B-00C04F79EFBC}") = "Blackjack", "Blackjack\Blackjack.csproj", "{446567F2-FC4A-48CB-9A44-58DBA1292FAE}"
EndProject
Project("{2150E333-8FDC-42A3-9474-1A3956D46DE8}") = "Solution Items", "Solution Items", "{606F06B0-A4BE-446A-A12A-C6C278F29159}"
	ProjectSection(SolutionItems) = preProject
		cards.cs = cards.cs
	EndProjectSection
EndProject
Global
	GlobalSection(SolutionConfigurationPlatforms) = preSolution
		Debug|Any CPU = Debug|Any CPU
		Release|Any CPU = Release|Any CPU
	EndGlobalSection
	GlobalSection(ProjectConfigurationPlatforms) = postSolution
		{446567F2-FC4A-48CB-9A44-58DBA1292FAE}.Debug|Any CPU.ActiveCfg = Debug|Any CPU
		{446567F2-FC4A-48CB-9A44-58DBA1292FAE}.Debug|Any CPU.Build.0 = Debug|Any CPU
		{446567F2-FC4A-48CB-9A44-58DBA1292FAE}.Release|Any CPU.ActiveCfg = Release|Any CPU
		{446567F2-FC4A-48CB-9A44-58DBA1292FAE}.Release|Any CPU.Build.0 = Release|Any CPU
	EndGlobalSection
	GlobalSection(SolutionProperties) = preSolution
		HideSolutionNode = FALSE
	EndGlobalSection
EndGlobal
